
Microsoft Visual Studio Solution File, Format Version 12.00
# Visual Studio Version 16
VisualStudioVersion = 16.0.31624.102
MinimumVisualStudioVersion = 10.0.40219.1
Project("{8BC9CEB8-8B4A-11D0-8D11-00A0C91BC942}") = "LR_3_AISD", "LR_3_AISD\LR_3_AISD.vcxproj", "{489590E6-A9E7-4998-A7BF-D7B8FC4EC7AE}"
EndProject
Global
	GlobalSection(SolutionConfigurationPlatforms) = preSolution
		Debug|x64 = Debug|x64
		Debug|x86 = Debug|x86
		Release|x64 = Release|x64
		Release|x86 = Release|x86
	EndGlobalSection
	GlobalSection(ProjectConfigurationPlatforms) = postSolution
		{489590E6-A9E7-4998-A7BF-D7B8FC4EC7AE}.Debug|x64.ActiveCfg = Debug|x64
		{489590E6-A9E7-4998-A7BF-D7B8FC4EC7AE}.Debug|x64.Build.0 = Debug|x64
		{489590E6-A9E7-4998-A7BF-D7B8FC4EC7AE}.Debug|x86.ActiveCfg = Debug|Win32
		{489590E6-A9E7-4998-A7BF-D7B8FC4EC7AE}.Debug|x86.Build.0 = Debug|Win32
		{489590E6-A9E7-4998-A7BF-D7B8FC4EC7AE}.Release|x64.ActiveCfg = Release|x64
		{489590E6-A9E7-4998-A7BF-D7B8FC4EC7AE}.Release|x64.Build.0 = Release|x64
		{489590E6-A9E7-4998-A7BF-D7B8FC4EC7AE}.Release|x86.ActiveCfg = Release|Win32
		{489590E6-A9E7-4998-A7BF-D7B8FC4EC7AE}.Release|x86.Build.0 = Release|Win32
	EndGlobalSection
	GlobalSection(SolutionProperties) = preSolution
		HideSolutionNode = FALSE
	EndGlobalSection
	GlobalSection(ExtensibilityGlobals) = postSolution
		SolutionGuid = {DF7D9BED-5190-4976-8A5C-E038B421714E}
	EndGlobalSection
EndGlobal
